PODS:
  - Alamofire (5.7.1)
  - AlamofireImage (4.2.0):
    - Alamofire (~> 5.4)
  - Realm (10.40.0):
    - Realm/Headers (= 10.40.0)
  - Realm/Headers (10.40.0)
  - RealmSwift (10.40.0):
    - Realm (= 10.40.0)
  - RxSwift (6.5.0)

DEPENDENCIES:
  - Alamofire (= 5.7.1)
  - AlamofireImage (= 4.2.0)
  - RealmSwift (= 10.40.0)
  - RxSwift

SPEC REPOS:
  trunk:
    - Alamofire
    - AlamofireImage
    - Realm
    - RealmSwift
    - RxSwift

SPEC CHECKSUMS:
  Alamofire: 0123a34370cb170936ae79a8df46cc62b2edeb88
  AlamofireImage: 34a2d90b0e5fe6a5605f85ae4b7b01e784c60192
  Realm: 67e2bc963e693a787961bd81d0594f2410615d9e
  RealmSwift: 39622fdcd18d54e0ba49a7d31e9662404595e998
  RxSwift: 5710a9e6b17f3c3d6e40d6e559b9fa1e813b2ef8

PODFILE CHECKSUM: afeb57e2351d47cb431972fedb0aa289de5fbcdd

COCOAPODS: 1.12.1
