// !$*UTF8*$!
{
	archiveVersion = 1;
	classes = {
	};
	objectVersion = 56;
	objects = {

/* Begin PBXBuildFile section */
		F4CBDCDF2A5E96DB006227FA /* AppDelegate.swift in Sources */ = {isa = PBXBuildFile; fileRef = F4CBDCDE2A5E96DB006227FA /* AppDelegate.swift */; };
		F4CBDCE82A5E96DB006227FA /* Assets.xcassets in Resources */ = {isa = PBXBuildFile; fileRef = F4CBDCE72A5E96DB006227FA /* Assets.xcassets */; };
		F4CBDCEB2A5E96DB006227FA /* LaunchScreen.storyboard in Resources */ = {isa = PBXBuildFile; fileRef = F4CBDCE92A5E96DB006227FA /* LaunchScreen.storyboard */; };
		F4CBDCF62A5E96DC006227FA /* KoanbaTests.swift in Sources */ = {isa = PBXBuildFile; fileRef = F4CBDCF52A5E96DC006227FA /* KoanbaTests.swift */; };
		F4CBDD002A5E96DC006227FA /* KoanbaUITests.swift in Sources */ = {isa = PBXBuildFile; fileRef = F4CBDCFF2A5E96DC006227FA /* KoanbaUITests.swift */; };
		F4CBDD022A5E96DC006227FA /* KoanbaUITestsLaunchTests.swift in Sources */ = {isa = PBXBuildFile; fileRef = F4CBDD012A5E96DC006227FA /* KoanbaUITestsLaunchTests.swift */; };
		F4CBDD112A5E9AED006227FA /* HomeViewController.swift in Sources */ = {isa = PBXBuildFile; fileRef = F4CBDD0F2A5E9AED006227FA /* HomeViewController.swift */; };
		F4CBDD122A5E9AED006227FA /* HomeViewController.xib in Resources */ = {isa = PBXBuildFile; fileRef = F4CBDD102A5E9AED006227FA /* HomeViewController.xib */; };
		F4CBDD1E2A5E9E16006227FA /* HomePresenter.swift in Sources */ = {isa = PBXBuildFile; fileRef = F4CBDD1D2A5E9E16006227FA /* HomePresenter.swift */; };
		F4CBDD202A5E9E20006227FA /* HomeRouter.swift in Sources */ = {isa = PBXBuildFile; fileRef = F4CBDD1F2A5E9E20006227FA /* HomeRouter.swift */; };
		F4CBDD282A5EA43A006227FA /* HomepageRemoteDataSource.swift in Sources */ = {isa = PBXBuildFile; fileRef = F4CBDD272A5EA43A006227FA /* HomepageRemoteDataSource.swift */; };
		F4CBDD2A2A5EA45A006227FA /* HomepageLocalDataSource.swift in Sources */ = {isa = PBXBuildFile; fileRef = F4CBDD292A5EA45A006227FA /* HomepageLocalDataSource.swift */; };
		F4CBDD2C2A5EA48B006227FA /* HomepageRepository.swift in Sources */ = {isa = PBXBuildFile; fileRef = F4CBDD2B2A5EA48B006227FA /* HomepageRepository.swift */; };
		F4CBDD2E2A5EA4A6006227FA /* HomepageInjection.swift in Sources */ = {isa = PBXBuildFile; fileRef = F4CBDD2D2A5EA4A6006227FA /* HomepageInjection.swift */; };
		F4CBDD322A5EA4D0006227FA /* HomepageInteractor.swift in Sources */ = {isa = PBXBuildFile; fileRef = F4CBDD312A5EA4D0006227FA /* HomepageInteractor.swift */; };
		F4CBDD342A5EA4D8006227FA /* HomepageModel.swift in Sources */ = {isa = PBXBuildFile; fileRef = F4CBDD332A5EA4D8006227FA /* HomepageModel.swift */; };
		F4CBDD362A5EA4EE006227FA /* UtilsHome.swift in Sources */ = {isa = PBXBuildFile; fileRef = F4CBDD352A5EA4EE006227FA /* UtilsHome.swift */; };
		F4CBDD402A5EA55A006227FA /* DetailPageRepository.swift in Sources */ = {isa = PBXBuildFile; fileRef = F4CBDD3F2A5EA55A006227FA /* DetailPageRepository.swift */; };
		F4CBDD422A5EA571006227FA /* DetailPageRemoteDataSource.swift in Sources */ = {isa = PBXBuildFile; fileRef = F4CBDD412A5EA571006227FA /* DetailPageRemoteDataSource.swift */; };
		F4CBDD442A5EA58C006227FA /* DetailPageLocalDataSource.swift in Sources */ = {isa = PBXBuildFile; fileRef = F4CBDD432A5EA58C006227FA /* DetailPageLocalDataSource.swift */; };
		F4CBDD462A5EA59B006227FA /* DetailPageInjection.swift in Sources */ = {isa = PBXBuildFile; fileRef = F4CBDD452A5EA59B006227FA /* DetailPageInjection.swift */; };
		F4CBDD4A2A5EA5B5006227FA /* DetailPageModel.swift in Sources */ = {isa = PBXBuildFile; fileRef = F4CBDD492A5EA5B5006227FA /* DetailPageModel.swift */; };
		F4CBDD4C2A5EA5BF006227FA /* DetailPageInteractor.swift in Sources */ = {isa = PBXBuildFile; fileRef = F4CBDD4B2A5EA5BF006227FA /* DetailPageInteractor.swift */; };
		F4CBDD4E2A5EA5C8006227FA /* UtilsDetail.swift in Sources */ = {isa = PBXBuildFile; fileRef = F4CBDD4D2A5EA5C8006227FA /* UtilsDetail.swift */; };
		F4CBDD542A5EA607006227FA /* DetailPageRouter.swift in Sources */ = {isa = PBXBuildFile; fileRef = F4CBDD532A5EA607006227FA /* DetailPageRouter.swift */; };
		F4CBDD562A5EA613006227FA /* DetailPagePresenter.swift in Sources */ = {isa = PBXBuildFile; fileRef = F4CBDD552A5EA613006227FA /* DetailPagePresenter.swift */; };
		F4CBDD592A5EA620006227FA /* DetailPageViewController.swift in Sources */ = {isa = PBXBuildFile; fileRef = F4CBDD572A5EA620006227FA /* DetailPageViewController.swift */; };
		F4CBDD5A2A5EA620006227FA /* DetailPageViewController.xib in Resources */ = {isa = PBXBuildFile; fileRef = F4CBDD582A5EA620006227FA /* DetailPageViewController.xib */; };
/* End PBXBuildFile section */

/* Begin PBXContainerItemProxy section */
		F4CBDCF22A5E96DC006227FA /* PBXContainerItemProxy */ = {
			isa = PBXContainerItemProxy;
			containerPortal = F4CBDCD32A5E96DB006227FA /* Project object */;
			proxyType = 1;
			remoteGlobalIDString = F4CBDCDA2A5E96DB006227FA;
			remoteInfo = Koanba;
		};
		F4CBDCFC2A5E96DC006227FA /* PBXContainerItemProxy */ = {
			isa = PBXContainerItemProxy;
			containerPortal = F4CBDCD32A5E96DB006227FA /* Project object */;
			proxyType = 1;
			remoteGlobalIDString = F4CBDCDA2A5E96DB006227FA;
			remoteInfo = Koanba;
		};
/* End PBXContainerItemProxy section */

/* Begin PBXFileReference section */
		F4CBDCDB2A5E96DB006227FA /* Koanba.app */ = {isa = PBXFileReference; explicitFileType = wrapper.application; includeInIndex = 0; path = Koanba.app; sourceTree = BUILT_PRODUCTS_DIR; };
		F4CBDCDE2A5E96DB006227FA /* AppDelegate.swift */ = {isa = PBXFileReference; lastKnownFileType = sourcecode.swift; path = AppDelegate.swift; sourceTree = "<group>"; };
		F4CBDCE72A5E96DB006227FA /* Assets.xcassets */ = {isa = PBXFileReference; lastKnownFileType = folder.assetcatalog; path = Assets.xcassets; sourceTree = "<group>"; };
		F4CBDCEA2A5E96DB006227FA /* Base */ = {isa = PBXFileReference; lastKnownFileType = file.storyboard; name = Base; path = Base.lproj/LaunchScreen.storyboard; sourceTree = "<group>"; };
		F4CBDCEC2A5E96DB006227FA /* Info.plist */ = {isa = PBXFileReference; lastKnownFileType = text.plist.xml; path = Info.plist; sourceTree = "<group>"; };
		F4CBDCF12A5E96DC006227FA /* KoanbaTests.xctest */ = {isa = PBXFileReference; explicitFileType = wrapper.cfbundle; includeInIndex = 0; path = KoanbaTests.xctest; sourceTree = BUILT_PRODUCTS_DIR; };
		F4CBDCF52A5E96DC006227FA /* KoanbaTests.swift */ = {isa = PBXFileReference; lastKnownFileType = sourcecode.swift; path = KoanbaTests.swift; sourceTree = "<group>"; };
		F4CBDCFB2A5E96DC006227FA /* KoanbaUITests.xctest */ = {isa = PBXFileReference; explicitFileType = wrapper.cfbundle; includeInIndex = 0; path = KoanbaUITests.xctest; sourceTree = BUILT_PRODUCTS_DIR; };
		F4CBDCFF2A5E96DC006227FA /* KoanbaUITests.swift */ = {isa = PBXFileReference; lastKnownFileType = sourcecode.swift; path = KoanbaUITests.swift; sourceTree = "<group>"; };
		F4CBDD012A5E96DC006227FA /* KoanbaUITestsLaunchTests.swift */ = {isa = PBXFileReference; lastKnownFileType = sourcecode.swift; path = KoanbaUITestsLaunchTests.swift; sourceTree = "<group>"; };
		F4CBDD0F2A5E9AED006227FA /* HomeViewController.swift */ = {isa = PBXFileReference; lastKnownFileType = sourcecode.swift; path = HomeViewController.swift; sourceTree = "<group>"; };
		F4CBDD102A5E9AED006227FA /* HomeViewController.xib */ = {isa = PBXFileReference; lastKnownFileType = file.xib; path = HomeViewController.xib; sourceTree = "<group>"; };
		F4CBDD1D2A5E9E16006227FA /* HomePresenter.swift */ = {isa = PBXFileReference; lastKnownFileType = sourcecode.swift; path = HomePresenter.swift; sourceTree = "<group>"; };
		F4CBDD1F2A5E9E20006227FA /* HomeRouter.swift */ = {isa = PBXFileReference; lastKnownFileType = sourcecode.swift; path = HomeRouter.swift; sourceTree = "<group>"; };
		F4CBDD272A5EA43A006227FA /* HomepageRemoteDataSource.swift */ = {isa = PBXFileReference; lastKnownFileType = sourcecode.swift; path = HomepageRemoteDataSource.swift; sourceTree = "<group>"; };
		F4CBDD292A5EA45A006227FA /* HomepageLocalDataSource.swift */ = {isa = PBXFileReference; lastKnownFileType = sourcecode.swift; path = HomepageLocalDataSource.swift; sourceTree = "<group>"; };
		F4CBDD2B2A5EA48B006227FA /* HomepageRepository.swift */ = {isa = PBXFileReference; lastKnownFileType = sourcecode.swift; path = HomepageRepository.swift; sourceTree = "<group>"; };
		F4CBDD2D2A5EA4A6006227FA /* HomepageInjection.swift */ = {isa = PBXFileReference; lastKnownFileType = sourcecode.swift; path = HomepageInjection.swift; sourceTree = "<group>"; };
		F4CBDD312A5EA4D0006227FA /* HomepageInteractor.swift */ = {isa = PBXFileReference; lastKnownFileType = sourcecode.swift; path = HomepageInteractor.swift; sourceTree = "<group>"; };
		F4CBDD332A5EA4D8006227FA /* HomepageModel.swift */ = {isa = PBXFileReference; lastKnownFileType = sourcecode.swift; path = HomepageModel.swift; sourceTree = "<group>"; };
		F4CBDD352A5EA4EE006227FA /* UtilsHome.swift */ = {isa = PBXFileReference; lastKnownFileType = sourcecode.swift; path = UtilsHome.swift; sourceTree = "<group>"; };
		F4CBDD3F2A5EA55A006227FA /* DetailPageRepository.swift */ = {isa = PBXFileReference; lastKnownFileType = sourcecode.swift; path = DetailPageRepository.swift; sourceTree = "<group>"; };
		F4CBDD412A5EA571006227FA /* DetailPageRemoteDataSource.swift */ = {isa = PBXFileReference; lastKnownFileType = sourcecode.swift; path = DetailPageRemoteDataSource.swift; sourceTree = "<group>"; };
		F4CBDD432A5EA58C006227FA /* DetailPageLocalDataSource.swift */ = {isa = PBXFileReference; lastKnownFileType = sourcecode.swift; path = DetailPageLocalDataSource.swift; sourceTree = "<group>"; };
		F4CBDD452A5EA59B006227FA /* DetailPageInjection.swift */ = {isa = PBXFileReference; lastKnownFileType = sourcecode.swift; path = DetailPageInjection.swift; sourceTree = "<group>"; };
		F4CBDD492A5EA5B5006227FA /* DetailPageModel.swift */ = {isa = PBXFileReference; lastKnownFileType = sourcecode.swift; path = DetailPageModel.swift; sourceTree = "<group>"; };
		F4CBDD4B2A5EA5BF006227FA /* DetailPageInteractor.swift */ = {isa = PBXFileReference; lastKnownFileType = sourcecode.swift; path = DetailPageInteractor.swift; sourceTree = "<group>"; };
		F4CBDD4D2A5EA5C8006227FA /* UtilsDetail.swift */ = {isa = PBXFileReference; lastKnownFileType = sourcecode.swift; path = UtilsDetail.swift; sourceTree = "<group>"; };
		F4CBDD532A5EA607006227FA /* DetailPageRouter.swift */ = {isa = PBXFileReference; lastKnownFileType = sourcecode.swift; path = DetailPageRouter.swift; sourceTree = "<group>"; };
		F4CBDD552A5EA613006227FA /* DetailPagePresenter.swift */ = {isa = PBXFileReference; lastKnownFileType = sourcecode.swift; path = DetailPagePresenter.swift; sourceTree = "<group>"; };
		F4CBDD572A5EA620006227FA /* DetailPageViewController.swift */ = {isa = PBXFileReference; lastKnownFileType = sourcecode.swift; path = DetailPageViewController.swift; sourceTree = "<group>"; };
		F4CBDD582A5EA620006227FA /* DetailPageViewController.xib */ = {isa = PBXFileReference; lastKnownFileType = file.xib; path = DetailPageViewController.xib; sourceTree = "<group>"; };
/* End PBXFileReference section */

/* Begin PBXFrameworksBuildPhase section */
		F4CBDCD82A5E96DB006227FA /* Frameworks */ = {
			isa = PBXFrameworksBuildPhase;
			buildActionMask = 2147483647;
			files = (
			);
			runOnlyForDeploymentPostprocessing = 0;
		};
		F4CBDCEE2A5E96DC006227FA /* Frameworks */ = {
			isa = PBXFrameworksBuildPhase;
			buildActionMask = 2147483647;
			files = (
			);
			runOnlyForDeploymentPostprocessing = 0;
		};
		F4CBDCF82A5E96DC006227FA /* Frameworks */ = {
			isa = PBXFrameworksBuildPhase;
			buildActionMask = 2147483647;
			files = (
			);
			runOnlyForDeploymentPostprocessing = 0;
		};
/* End PBXFrameworksBuildPhase section */

/* Begin PBXGroup section */
		F4CBDCD22A5E96DB006227FA = {
			isa = PBXGroup;
			children = (
				F4CBDCDD2A5E96DB006227FA /* Koanba */,
				F4CBDCF42A5E96DC006227FA /* KoanbaTests */,
				F4CBDCFE2A5E96DC006227FA /* KoanbaUITests */,
				F4CBDCDC2A5E96DB006227FA /* Products */,
			);
			sourceTree = "<group>";
		};
		F4CBDCDC2A5E96DB006227FA /* Products */ = {
			isa = PBXGroup;
			children = (
				F4CBDCDB2A5E96DB006227FA /* Koanba.app */,
				F4CBDCF12A5E96DC006227FA /* KoanbaTests.xctest */,
				F4CBDCFB2A5E96DC006227FA /* KoanbaUITests.xctest */,
			);
			name = Products;
			sourceTree = "<group>";
		};
		F4CBDCDD2A5E96DB006227FA /* Koanba */ = {
			isa = PBXGroup;
			children = (
				F4CBDD0E2A5E9AD6006227FA /* App */,
				F4CBDD142A5E9D9F006227FA /* Module */,
				F4CBDD172A5E9DCF006227FA /* Supporting Files */,
			);
			path = Koanba;
			sourceTree = "<group>";
		};
		F4CBDCF42A5E96DC006227FA /* KoanbaTests */ = {
			isa = PBXGroup;
			children = (
				F4CBDCF52A5E96DC006227FA /* KoanbaTests.swift */,
			);
			path = KoanbaTests;
			sourceTree = "<group>";
		};
		F4CBDCFE2A5E96DC006227FA /* KoanbaUITests */ = {
			isa = PBXGroup;
			children = (
				F4CBDCFF2A5E96DC006227FA /* KoanbaUITests.swift */,
				F4CBDD012A5E96DC006227FA /* KoanbaUITestsLaunchTests.swift */,
			);
			path = KoanbaUITests;
			sourceTree = "<group>";
		};
		F4CBDD0E2A5E9AD6006227FA /* App */ = {
			isa = PBXGroup;
			children = (
				F4CBDCDE2A5E96DB006227FA /* AppDelegate.swift */,
			);
			path = App;
			sourceTree = "<group>";
		};
		F4CBDD142A5E9D9F006227FA /* Module */ = {
			isa = PBXGroup;
			children = (
				F4CBDD152A5E9DAB006227FA /* Homepage */,
				F4CBDD162A5E9DB4006227FA /* Detail Page */,
			);
			path = Module;
			sourceTree = "<group>";
		};
		F4CBDD152A5E9DAB006227FA /* Homepage */ = {
			isa = PBXGroup;
			children = (
				F4CBDD192A5E9DEB006227FA /* Core */,
				F4CBDD182A5E9DE0006227FA /* Presentation */,
			);
			path = Homepage;
			sourceTree = "<group>";
		};
		F4CBDD162A5E9DB4006227FA /* Detail Page */ = {
			isa = PBXGroup;
			children = (
				F4CBDD382A5EA513006227FA /* Core */,
				F4CBDD372A5EA507006227FA /* Presentation */,
			);
			path = "Detail Page";
			sourceTree = "<group>";
		};
		F4CBDD172A5E9DCF006227FA /* Supporting Files */ = {
			isa = PBXGroup;
			children = (
				F4CBDCE72A5E96DB006227FA /* Assets.xcassets */,
				F4CBDCE92A5E96DB006227FA /* LaunchScreen.storyboard */,
				F4CBDCEC2A5E96DB006227FA /* Info.plist */,
			);
			path = "Supporting Files";
			sourceTree = "<group>";
		};
		F4CBDD182A5E9DE0006227FA /* Presentation */ = {
			isa = PBXGroup;
			children = (
				F4CBDD1C2A5E9E02006227FA /* View */,
				F4CBDD1B2A5E9DFA006227FA /* Presenter */,
				F4CBDD1A2A5E9DF4006227FA /* Router */,
			);
			path = Presentation;
			sourceTree = "<group>";
		};
		F4CBDD192A5E9DEB006227FA /* Core */ = {
			isa = PBXGroup;
			children = (
				F4CBDD242A5EA3DD006227FA /* Data */,
				F4CBDD232A5EA394006227FA /* Dependency Injection */,
				F4CBDD222A5EA37E006227FA /* Domain */,
				F4CBDD212A5EA341006227FA /* Utils */,
			);
			path = Core;
			sourceTree = "<group>";
		};
		F4CBDD1A2A5E9DF4006227FA /* Router */ = {
			isa = PBXGroup;
			children = (
				F4CBDD1F2A5E9E20006227FA /* HomeRouter.swift */,
			);
			path = Router;
			sourceTree = "<group>";
		};
		F4CBDD1B2A5E9DFA006227FA /* Presenter */ = {
			isa = PBXGroup;
			children = (
				F4CBDD1D2A5E9E16006227FA /* HomePresenter.swift */,
			);
			path = Presenter;
			sourceTree = "<group>";
		};
		F4CBDD1C2A5E9E02006227FA /* View */ = {
			isa = PBXGroup;
			children = (
				F4CBDD0F2A5E9AED006227FA /* HomeViewController.swift */,
				F4CBDD102A5E9AED006227FA /* HomeViewController.xib */,
			);
			path = View;
			sourceTree = "<group>";
		};
		F4CBDD212A5EA341006227FA /* Utils */ = {
			isa = PBXGroup;
			children = (
				F4CBDD352A5EA4EE006227FA /* UtilsHome.swift */,
			);
			path = Utils;
			sourceTree = "<group>";
		};
		F4CBDD222A5EA37E006227FA /* Domain */ = {
			isa = PBXGroup;
			children = (
				F4CBDD302A5EA4C0006227FA /* Use Case */,
				F4CBDD2F2A5EA4BC006227FA /* Model */,
			);
			path = Domain;
			sourceTree = "<group>";
		};
		F4CBDD232A5EA394006227FA /* Dependency Injection */ = {
			isa = PBXGroup;
			children = (
				F4CBDD2D2A5EA4A6006227FA /* HomepageInjection.swift */,
			);
			path = "Dependency Injection";
			sourceTree = "<group>";
		};
		F4CBDD242A5EA3DD006227FA /* Data */ = {
			isa = PBXGroup;
			children = (
				F4CBDD262A5EA40F006227FA /* Remote */,
				F4CBDD252A5EA409006227FA /* Local */,
				F4CBDD2B2A5EA48B006227FA /* HomepageRepository.swift */,
			);
			path = Data;
			sourceTree = "<group>";
		};
		F4CBDD252A5EA409006227FA /* Local */ = {
			isa = PBXGroup;
			children = (
				F4CBDD292A5EA45A006227FA /* HomepageLocalDataSource.swift */,
			);
			path = Local;
			sourceTree = "<group>";
		};
		F4CBDD262A5EA40F006227FA /* Remote */ = {
			isa = PBXGroup;
			children = (
				F4CBDD272A5EA43A006227FA /* HomepageRemoteDataSource.swift */,
			);
			path = Remote;
			sourceTree = "<group>";
		};
		F4CBDD2F2A5EA4BC006227FA /* Model */ = {
			isa = PBXGroup;
			children = (
				F4CBDD332A5EA4D8006227FA /* HomepageModel.swift */,
			);
			path = Model;
			sourceTree = "<group>";
		};
		F4CBDD302A5EA4C0006227FA /* Use Case */ = {
			isa = PBXGroup;
			children = (
				F4CBDD312A5EA4D0006227FA /* HomepageInteractor.swift */,
			);
			path = "Use Case";
			sourceTree = "<group>";
		};
		F4CBDD372A5EA507006227FA /* Presentation */ = {
			isa = PBXGroup;
			children = (
				F4CBDD522A5EA5FB006227FA /* View */,
				F4CBDD512A5EA5F5006227FA /* Presenter */,
				F4CBDD502A5EA5E9006227FA /* Router */,
			);
			path = Presentation;
			sourceTree = "<group>";
		};
		F4CBDD382A5EA513006227FA /* Core */ = {
			isa = PBXGroup;
			children = (
				F4CBDD3C2A5EA537006227FA /* Data */,
				F4CBDD3B2A5EA527006227FA /* Dependency Injection */,
				F4CBDD3A2A5EA521006227FA /* Domain */,
				F4CBDD392A5EA51B006227FA /* Utils */,
			);
			path = Core;
			sourceTree = "<group>";
		};
		F4CBDD392A5EA51B006227FA /* Utils */ = {
			isa = PBXGroup;
			children = (
				F4CBDD4D2A5EA5C8006227FA /* UtilsDetail.swift */,
			);
			path = Utils;
			sourceTree = "<group>";
		};
		F4CBDD3A2A5EA521006227FA /* Domain */ = {
			isa = PBXGroup;
			children = (
				F4CBDD482A5EA5A9006227FA /* Use Case */,
				F4CBDD472A5EA5A4006227FA /* Model */,
			);
			path = Domain;
			sourceTree = "<group>";
		};
		F4CBDD3B2A5EA527006227FA /* Dependency Injection */ = {
			isa = PBXGroup;
			children = (
				F4CBDD452A5EA59B006227FA /* DetailPageInjection.swift */,
			);
			path = "Dependency Injection";
			sourceTree = "<group>";
		};
		F4CBDD3C2A5EA537006227FA /* Data */ = {
			isa = PBXGroup;
			children = (
				F4CBDD3E2A5EA54B006227FA /* Remote */,
				F4CBDD3D2A5EA542006227FA /* Local */,
				F4CBDD3F2A5EA55A006227FA /* DetailPageRepository.swift */,
			);
			path = Data;
			sourceTree = "<group>";
		};
		F4CBDD3D2A5EA542006227FA /* Local */ = {
			isa = PBXGroup;
			children = (
				F4CBDD432A5EA58C006227FA /* DetailPageLocalDataSource.swift */,
			);
			path = Local;
			sourceTree = "<group>";
		};
		F4CBDD3E2A5EA54B006227FA /* Remote */ = {
			isa = PBXGroup;
			children = (
				F4CBDD412A5EA571006227FA /* DetailPageRemoteDataSource.swift */,
			);
			path = Remote;
			sourceTree = "<group>";
		};
		F4CBDD472A5EA5A4006227FA /* Model */ = {
			isa = PBXGroup;
			children = (
				F4CBDD492A5EA5B5006227FA /* DetailPageModel.swift */,
			);
			path = Model;
			sourceTree = "<group>";
		};
		F4CBDD482A5EA5A9006227FA /* Use Case */ = {
			isa = PBXGroup;
			children = (
				F4CBDD4B2A5EA5BF006227FA /* DetailPageInteractor.swift */,
			);
			path = "Use Case";
			sourceTree = "<group>";
		};
		F4CBDD502A5EA5E9006227FA /* Router */ = {
			isa = PBXGroup;
			children = (
				F4CBDD532A5EA607006227FA /* DetailPageRouter.swift */,
			);
			path = Router;
			sourceTree = "<group>";
		};
		F4CBDD512A5EA5F5006227FA /* Presenter */ = {
			isa = PBXGroup;
			children = (
				F4CBDD552A5EA613006227FA /* DetailPagePresenter.swift */,
			);
			path = Presenter;
			sourceTree = "<group>";
		};
		F4CBDD522A5EA5FB006227FA /* View */ = {
			isa = PBXGroup;
			children = (
				F4CBDD572A5EA620006227FA /* DetailPageViewController.swift */,
				F4CBDD582A5EA620006227FA /* DetailPageViewController.xib */,
			);
			path = View;
			sourceTree = "<group>";
		};
/* End PBXGroup section */

/* Begin PBXNativeTarget section */
		F4CBDCDA2A5E96DB006227FA /* Koanba */ = {
			isa = PBXNativeTarget;
			buildConfigurationList = F4CBDD052A5E96DC006227FA /* Build configuration list for PBXNativeTarget "Koanba" */;
			buildPhases = (
				F4CBDCD72A5E96DB006227FA /* Sources */,
				F4CBDCD82A5E96DB006227FA /* Frameworks */,
				F4CBDCD92A5E96DB006227FA /* Resources */,
			);
			buildRules = (
			);
			dependencies = (
			);
			name = Koanba;
			productName = Koanba;
			productReference = F4CBDCDB2A5E96DB006227FA /* Koanba.app */;
			productType = "com.apple.product-type.application";
		};
		F4CBDCF02A5E96DC006227FA /* KoanbaTests */ = {
			isa = PBXNativeTarget;
			buildConfigurationList = F4CBDD082A5E96DC006227FA /* Build configuration list for PBXNativeTarget "KoanbaTests" */;
			buildPhases = (
				F4CBDCED2A5E96DC006227FA /* Sources */,
				F4CBDCEE2A5E96DC006227FA /* Frameworks */,
				F4CBDCEF2A5E96DC006227FA /* Resources */,
			);
			buildRules = (
			);
			dependencies = (
				F4CBDCF32A5E96DC006227FA /* PBXTargetDependency */,
			);
			name = KoanbaTests;
			productName = KoanbaTests;
			productReference = F4CBDCF12A5E96DC006227FA /* KoanbaTests.xctest */;
			productType = "com.apple.product-type.bundle.unit-test";
		};
		F4CBDCFA2A5E96DC006227FA /* KoanbaUITests */ = {
			isa = PBXNativeTarget;
			buildConfigurationList = F4CBDD0B2A5E96DC006227FA /* Build configuration list for PBXNativeTarget "KoanbaUITests" */;
			buildPhases = (
				F4CBDCF72A5E96DC006227FA /* Sources */,
				F4CBDCF82A5E96DC006227FA /* Frameworks */,
				F4CBDCF92A5E96DC006227FA /* Resources */,
			);
			buildRules = (
			);
			dependencies = (
				F4CBDCFD2A5E96DC006227FA /* PBXTargetDependency */,
			);
			name = KoanbaUITests;
			productName = KoanbaUITests;
			productReference = F4CBDCFB2A5E96DC006227FA /* KoanbaUITests.xctest */;
			productType = "com.apple.product-type.bundle.ui-testing";
		};
/* End PBXNativeTarget section */

/* Begin PBXProject section */
		F4CBDCD32A5E96DB006227FA /* Project object */ = {
			isa = PBXProject;
			attributes = {
				BuildIndependentTargetsInParallel = 1;
				LastSwiftUpdateCheck = 1430;
				LastUpgradeCheck = 1430;
				TargetAttributes = {
					F4CBDCDA2A5E96DB006227FA = {
						CreatedOnToolsVersion = 14.3;
					};
					F4CBDCF02A5E96DC006227FA = {
						CreatedOnToolsVersion = 14.3;
						TestTargetID = F4CBDCDA2A5E96DB006227FA;
					};
					F4CBDCFA2A5E96DC006227FA = {
						CreatedOnToolsVersion = 14.3;
						TestTargetID = F4CBDCDA2A5E96DB006227FA;
					};
				};
			};
			buildConfigurationList = F4CBDCD62A5E96DB006227FA /* Build configuration list for PBXProject "Koanba" */;
			compatibilityVersion = "Xcode 14.0";
			developmentRegion = en;
			hasScannedForEncodings = 0;
			knownRegions = (
				en,
				Base,
			);
			mainGroup = F4CBDCD22A5E96DB006227FA;
			productRefGroup = F4CBDCDC2A5E96DB006227FA /* Products */;
			projectDirPath = "";
			projectRoot = "";
			targets = (
				F4CBDCDA2A5E96DB006227FA /* Koanba */,
				F4CBDCF02A5E96DC006227FA /* KoanbaTests */,
				F4CBDCFA2A5E96DC006227FA /* KoanbaUITests */,
			);
		};
/* End PBXProject section */

/* Begin PBXResourcesBuildPhase section */
		F4CBDCD92A5E96DB006227FA /* Resources */ = {
			isa = PBXResourcesBuildPhase;
			buildActionMask = 2147483647;
			files = (
				F4CBDD5A2A5EA620006227FA /* DetailPageViewController.xib in Resources */,
				F4CBDCEB2A5E96DB006227FA /* LaunchScreen.storyboard in Resources */,
				F4CBDCE82A5E96DB006227FA /* Assets.xcassets in Resources */,
				F4CBDD122A5E9AED006227FA /* HomeViewController.xib in Resources */,
			);
			runOnlyForDeploymentPostprocessing = 0;
		};
		F4CBDCEF2A5E96DC006227FA /* Resources */ = {
			isa = PBXResourcesBuildPhase;
			buildActionMask = 2147483647;
			files = (
			);
			runOnlyForDeploymentPostprocessing = 0;
		};
		F4CBDCF92A5E96DC006227FA /* Resources */ = {
			isa = PBXResourcesBuildPhase;
			buildActionMask = 2147483647;
			files = (
			);
			runOnlyForDeploymentPostprocessing = 0;
		};
/* End PBXResourcesBuildPhase section */

/* Begin PBXSourcesBuildPhase section */
		F4CBDCD72A5E96DB006227FA /* Sources */ = {
			isa = PBXSourcesBuildPhase;
			buildActionMask = 2147483647;
			files = (
				F4CBDD1E2A5E9E16006227FA /* HomePresenter.swift in Sources */,
				F4CBDD4A2A5EA5B5006227FA /* DetailPageModel.swift in Sources */,
				F4CBDD462A5EA59B006227FA /* DetailPageInjection.swift in Sources */,
				F4CBDD202A5E9E20006227FA /* HomeRouter.swift in Sources */,
				F4CBDD4C2A5EA5BF006227FA /* DetailPageInteractor.swift in Sources */,
				F4CBDD322A5EA4D0006227FA /* HomepageInteractor.swift in Sources */,
				F4CBDD2A2A5EA45A006227FA /* HomepageLocalDataSource.swift in Sources */,
				F4CBDD442A5EA58C006227FA /* DetailPageLocalDataSource.swift in Sources */,
				F4CBDD562A5EA613006227FA /* DetailPagePresenter.swift in Sources */,
				F4CBDD422A5EA571006227FA /* DetailPageRemoteDataSource.swift in Sources */,
				F4CBDD2E2A5EA4A6006227FA /* HomepageInjection.swift in Sources */,
				F4CBDD282A5EA43A006227FA /* HomepageRemoteDataSource.swift in Sources */,
				F4CBDD4E2A5EA5C8006227FA /* UtilsDetail.swift in Sources */,
				F4CBDCDF2A5E96DB006227FA /* AppDelegate.swift in Sources */,
				F4CBDD362A5EA4EE006227FA /* UtilsHome.swift in Sources */,
				F4CBDD2C2A5EA48B006227FA /* HomepageRepository.swift in Sources */,
				F4CBDD402A5EA55A006227FA /* DetailPageRepository.swift in Sources */,
				F4CBDD112A5E9AED006227FA /* HomeViewController.swift in Sources */,
				F4CBDD592A5EA620006227FA /* DetailPageViewController.swift in Sources */,
				F4CBDD542A5EA607006227FA /* DetailPageRouter.swift in Sources */,
				F4CBDD342A5EA4D8006227FA /* HomepageModel.swift in Sources */,
			);
			runOnlyForDeploymentPostprocessing = 0;
		};
		F4CBDCED2A5E96DC006227FA /* Sources */ = {
			isa = PBXSourcesBuildPhase;
			buildActionMask = 2147483647;
			files = (
				F4CBDCF62A5E96DC006227FA /* KoanbaTests.swift in Sources */,
			);
			runOnlyForDeploymentPostprocessing = 0;
		};
		F4CBDCF72A5E96DC006227FA /* Sources */ = {
			isa = PBXSourcesBuildPhase;
			buildActionMask = 2147483647;
			files = (
				F4CBDD022A5E96DC006227FA /* KoanbaUITestsLaunchTests.swift in Sources */,
				F4CBDD002A5E96DC006227FA /* KoanbaUITests.swift in Sources */,
			);
			runOnlyForDeploymentPostprocessing = 0;
		};
/* End PBXSourcesBuildPhase section */

/* Begin PBXTargetDependency section */
		F4CBDCF32A5E96DC006227FA /* PBXTargetDependency */ = {
			isa = PBXTargetDependency;
			target = F4CBDCDA2A5E96DB006227FA /* Koanba */;
			targetProxy = F4CBDCF22A5E96DC006227FA /* PBXContainerItemProxy */;
		};
		F4CBDCFD2A5E96DC006227FA /* PBXTargetDependency */ = {
			isa = PBXTargetDependency;
			target = F4CBDCDA2A5E96DB006227FA /* Koanba */;
			targetProxy = F4CBDCFC2A5E96DC006227FA /* PBXContainerItemProxy */;
		};
/* End PBXTargetDependency section */

/* Begin PBXVariantGroup section */
		F4CBDCE92A5E96DB006227FA /* LaunchScreen.storyboard */ = {
			isa = PBXVariantGroup;
			children = (
				F4CBDCEA2A5E96DB006227FA /* Base */,
			);
			name = LaunchScreen.storyboard;
			sourceTree = "<group>";
		};
/* End PBXVariantGroup section */

/* Begin XCBuildConfiguration section */
		F4CBDD032A5E96DC006227FA /* Debug */ = {
			isa = XCBuildConfiguration;
			buildSettings = {
				ALWAYS_SEARCH_USER_PATHS = NO;
				CLANG_ANALYZER_NONNULL = YES;
				CLANG_ANALYZER_NUMBER_OBJECT_CONVERSION = YES_AGGRESSIVE;
				CLANG_CXX_LANGUAGE_STANDARD = "gnu++20";
				CLANG_ENABLE_MODULES = YES;
				CLANG_ENABLE_OBJC_ARC = YES;
				CLANG_ENABLE_OBJC_WEAK = YES;
				CLANG_WARN_BLOCK_CAPTURE_AUTORELEASING = YES;
				CLANG_WARN_BOOL_CONVERSION = YES;
				CLANG_WARN_COMMA = YES;
				CLANG_WARN_CONSTANT_CONVERSION = YES;
				CLANG_WARN_DEPRECATED_OBJC_IMPLEMENTATIONS = YES;
				CLANG_WARN_DIRECT_OBJC_ISA_USAGE = YES_ERROR;
				CLANG_WARN_DOCUMENTATION_COMMENTS = YES;
				CLANG_WARN_EMPTY_BODY = YES;
				CLANG_WARN_ENUM_CONVERSION = YES;
				CLANG_WARN_INFINITE_RECURSION = YES;
				CLANG_WARN_INT_CONVERSION = YES;
				CLANG_WARN_NON_LITERAL_NULL_CONVERSION = YES;
				CLANG_WARN_OBJC_IMPLICIT_RETAIN_SELF = YES;
				CLANG_WARN_OBJC_LITERAL_CONVERSION = YES;
				CLANG_WARN_OBJC_ROOT_CLASS = YES_ERROR;
				CLANG_WARN_QUOTED_INCLUDE_IN_FRAMEWORK_HEADER = YES;
				CLANG_WARN_RANGE_LOOP_ANALYSIS = YES;
				CLANG_WARN_STRICT_PROTOTYPES = YES;
				CLANG_WARN_SUSPICIOUS_MOVE = YES;
				CLANG_WARN_UNGUARDED_AVAILABILITY = YES_AGGRESSIVE;
				CLANG_WARN_UNREACHABLE_CODE = YES;
				CLANG_WARN__DUPLICATE_METHOD_MATCH = YES;
				COPY_PHASE_STRIP = NO;
				DEBUG_INFORMATION_FORMAT = dwarf;
				ENABLE_STRICT_OBJC_MSGSEND = YES;
				ENABLE_TESTABILITY = YES;
				GCC_C_LANGUAGE_STANDARD = gnu11;
				GCC_DYNAMIC_NO_PIC = NO;
				GCC_NO_COMMON_BLOCKS = YES;
				GCC_OPTIMIZATION_LEVEL = 0;
				GCC_PREPROCESSOR_DEFINITIONS = (
					"DEBUG=1",
					"$(inherited)",
				);
				GCC_WARN_64_TO_32_BIT_CONVERSION = YES;
				GCC_WARN_ABOUT_RETURN_TYPE = YES_ERROR;
				GCC_WARN_UNDECLARED_SELECTOR = YES;
				GCC_WARN_UNINITIALIZED_AUTOS = YES_AGGRESSIVE;
				GCC_WARN_UNUSED_FUNCTION = YES;
				GCC_WARN_UNUSED_VARIABLE = YES;
				IPHONEOS_DEPLOYMENT_TARGET = 16.4;
				MTL_ENABLE_DEBUG_INFO = INCLUDE_SOURCE;
				MTL_FAST_MATH = YES;
				ONLY_ACTIVE_ARCH = YES;
				SDKROOT = iphoneos;
				SWIFT_ACTIVE_COMPILATION_CONDITIONS = DEBUG;
				SWIFT_OPTIMIZATION_LEVEL = "-Onone";
			};
			name = Debug;
		};
		F4CBDD042A5E96DC006227FA /* Release */ = {
			isa = XCBuildConfiguration;
			buildSettings = {
				ALWAYS_SEARCH_USER_PATHS = NO;
				CLANG_ANALYZER_NONNULL = YES;
				CLANG_ANALYZER_NUMBER_OBJECT_CONVERSION = YES_AGGRESSIVE;
				CLANG_CXX_LANGUAGE_STANDARD = "gnu++20";
				CLANG_ENABLE_MODULES = YES;
				CLANG_ENABLE_OBJC_ARC = YES;
				CLANG_ENABLE_OBJC_WEAK = YES;
				CLANG_WARN_BLOCK_CAPTURE_AUTORELEASING = YES;
				CLANG_WARN_BOOL_CONVERSION = YES;
				CLANG_WARN_COMMA = YES;
				CLANG_WARN_CONSTANT_CONVERSION = YES;
				CLANG_WARN_DEPRECATED_OBJC_IMPLEMENTATIONS = YES;
				CLANG_WARN_DIRECT_OBJC_ISA_USAGE = YES_ERROR;
				CLANG_WARN_DOCUMENTATION_COMMENTS = YES;
				CLANG_WARN_EMPTY_BODY = YES;
				CLANG_WARN_ENUM_CONVERSION = YES;
				CLANG_WARN_INFINITE_RECURSION = YES;
				CLANG_WARN_INT_CONVERSION = YES;
				CLANG_WARN_NON_LITERAL_NULL_CONVERSION = YES;
				CLANG_WARN_OBJC_IMPLICIT_RETAIN_SELF = YES;
				CLANG_WARN_OBJC_LITERAL_CONVERSION = YES;
				CLANG_WARN_OBJC_ROOT_CLASS = YES_ERROR;
				CLANG_WARN_QUOTED_INCLUDE_IN_FRAMEWORK_HEADER = YES;
				CLANG_WARN_RANGE_LOOP_ANALYSIS = YES;
				CLANG_WARN_STRICT_PROTOTYPES = YES;
				CLANG_WARN_SUSPICIOUS_MOVE = YES;
				CLANG_WARN_UNGUARDED_AVAILABILITY = YES_AGGRESSIVE;
				CLANG_WARN_UNREACHABLE_CODE = YES;
				CLANG_WARN__DUPLICATE_METHOD_MATCH = YES;
				COPY_PHASE_STRIP = NO;
				DEBUG_INFORMATION_FORMAT = "dwarf-with-dsym";
				ENABLE_NS_ASSERTIONS = NO;
				ENABLE_STRICT_OBJC_MSGSEND = YES;
				GCC_C_LANGUAGE_STANDARD = gnu11;
				GCC_NO_COMMON_BLOCKS = YES;
				GCC_WARN_64_TO_32_BIT_CONVERSION = YES;
				GCC_WARN_ABOUT_RETURN_TYPE = YES_ERROR;
				GCC_WARN_UNDECLARED_SELECTOR = YES;
				GCC_WARN_UNINITIALIZED_AUTOS = YES_AGGRESSIVE;
				GCC_WARN_UNUSED_FUNCTION = YES;
				GCC_WARN_UNUSED_VARIABLE = YES;
				IPHONEOS_DEPLOYMENT_TARGET = 16.4;
				MTL_ENABLE_DEBUG_INFO = NO;
				MTL_FAST_MATH = YES;
				SDKROOT = iphoneos;
				SWIFT_COMPILATION_MODE = wholemodule;
				SWIFT_OPTIMIZATION_LEVEL = "-O";
				VALIDATE_PRODUCT = YES;
			};
			name = Release;
		};
		F4CBDD062A5E96DC006227FA /* Debug */ = {
			isa = XCBuildConfiguration;
			buildSettings = {
				ASSETCATALOG_COMPILER_APPICON_NAME = AppIcon;
				ASSETCATALOG_COMPILER_GLOBAL_ACCENT_COLOR_NAME = AccentColor;
				CODE_SIGN_STYLE = Automatic;
				CURRENT_PROJECT_VERSION = 1;
				DEVELOPMENT_TEAM = 54LBDS3ZS9;
				GENERATE_INFOPLIST_FILE = YES;
				INFOPLIST_FILE = "Koanba/Supporting Files/Info.plist";
				INFOPLIST_KEY_UIApplicationSupportsIndirectInputEvents = YES;
				INFOPLIST_KEY_UILaunchStoryboardName = LaunchScreen;
				INFOPLIST_KEY_UISupportedInterfaceOrientations_iPad = "UIInterfaceOrientationPortrait UIInterfaceOrientationPortraitUpsideDown UIInterfaceOrientationLandscapeLeft UIInterfaceOrientationLandscapeRight";
				INFOPLIST_KEY_UISupportedInterfaceOrientations_iPhone = "UIInterfaceOrientationPortrait UIInterfaceOrientationLandscapeLeft UIInterfaceOrientationLandscapeRight";
				LD_RUNPATH_SEARCH_PATHS = (
					"$(inherited)",
					"@executable_path/Frameworks",
				);
				MARKETING_VERSION = 1.0;
				PRODUCT_BUNDLE_IDENTIFIER = com.dicoding.academy.Koanba;
				PRODUCT_NAME = "$(TARGET_NAME)";
				SWIFT_EMIT_LOC_STRINGS = YES;
				SWIFT_VERSION = 5.0;
				TARGETED_DEVICE_FAMILY = "1,2";
			};
			name = Debug;
		};
		F4CBDD072A5E96DC006227FA /* Release */ = {
			isa = XCBuildConfiguration;
			buildSettings = {
				ASSETCATALOG_COMPILER_APPICON_NAME = AppIcon;
				ASSETCATALOG_COMPILER_GLOBAL_ACCENT_COLOR_NAME = AccentColor;
				CODE_SIGN_STYLE = Automatic;
				CURRENT_PROJECT_VERSION = 1;
				DEVELOPMENT_TEAM = 54LBDS3ZS9;
				GENERATE_INFOPLIST_FILE = YES;
				INFOPLIST_FILE = "Koanba/Supporting Files/Info.plist";
				INFOPLIST_KEY_UIApplicationSupportsIndirectInputEvents = YES;
				INFOPLIST_KEY_UILaunchStoryboardName = LaunchScreen;
				INFOPLIST_KEY_UISupportedInterfaceOrientations_iPad = "UIInterfaceOrientationPortrait UIInterfaceOrientationPortraitUpsideDown UIInterfaceOrientationLandscapeLeft UIInterfaceOrientationLandscapeRight";
				INFOPLIST_KEY_UISupportedInterfaceOrientations_iPhone = "UIInterfaceOrientationPortrait UIInterfaceOrientationLandscapeLeft UIInterfaceOrientationLandscapeRight";
				LD_RUNPATH_SEARCH_PATHS = (
					"$(inherited)",
					"@executable_path/Frameworks",
				);
				MARKETING_VERSION = 1.0;
				PRODUCT_BUNDLE_IDENTIFIER = com.dicoding.academy.Koanba;
				PRODUCT_NAME = "$(TARGET_NAME)";
				SWIFT_EMIT_LOC_STRINGS = YES;
				SWIFT_VERSION = 5.0;
				TARGETED_DEVICE_FAMILY = "1,2";
			};
			name = Release;
		};
		F4CBDD092A5E96DC006227FA /* Debug */ = {
			isa = XCBuildConfiguration;
			buildSettings = {
				ALWAYS_EMBED_SWIFT_STANDARD_LIBRARIES = YES;
				BUNDLE_LOADER = "$(TEST_HOST)";
				CODE_SIGN_STYLE = Automatic;
				CURRENT_PROJECT_VERSION = 1;
				DEVELOPMENT_TEAM = 54LBDS3ZS9;
				GENERATE_INFOPLIST_FILE = YES;
				IPHONEOS_DEPLOYMENT_TARGET = 16.4;
				MARKETING_VERSION = 1.0;
				PRODUCT_BUNDLE_IDENTIFIER = com.dicoding.academy.KoanbaTests;
				PRODUCT_NAME = "$(TARGET_NAME)";
				SWIFT_EMIT_LOC_STRINGS = NO;
				SWIFT_VERSION = 5.0;
				TARGETED_DEVICE_FAMILY = "1,2";
				TEST_HOST = "$(BUILT_PRODUCTS_DIR)/Koanba.app/$(BUNDLE_EXECUTABLE_FOLDER_PATH)/Koanba";
			};
			name = Debug;
		};
		F4CBDD0A2A5E96DC006227FA /* Release */ = {
			isa = XCBuildConfiguration;
			buildSettings = {
				ALWAYS_EMBED_SWIFT_STANDARD_LIBRARIES = YES;
				BUNDLE_LOADER = "$(TEST_HOST)";
				CODE_SIGN_STYLE = Automatic;
				CURRENT_PROJECT_VERSION = 1;
				DEVELOPMENT_TEAM = 54LBDS3ZS9;
				GENERATE_INFOPLIST_FILE = YES;
				IPHONEOS_DEPLOYMENT_TARGET = 16.4;
				MARKETING_VERSION = 1.0;
				PRODUCT_BUNDLE_IDENTIFIER = com.dicoding.academy.KoanbaTests;
				PRODUCT_NAME = "$(TARGET_NAME)";
				SWIFT_EMIT_LOC_STRINGS = NO;
				SWIFT_VERSION = 5.0;
				TARGETED_DEVICE_FAMILY = "1,2";
				TEST_HOST = "$(BUILT_PRODUCTS_DIR)/Koanba.app/$(BUNDLE_EXECUTABLE_FOLDER_PATH)/Koanba";
			};
			name = Release;
		};
		F4CBDD0C2A5E96DC006227FA /* Debug */ = {
			isa = XCBuildConfiguration;
			buildSettings = {
				ALWAYS_EMBED_SWIFT_STANDARD_LIBRARIES = YES;
				CODE_SIGN_STYLE = Automatic;
				CURRENT_PROJECT_VERSION = 1;
				DEVELOPMENT_TEAM = 54LBDS3ZS9;
				GENERATE_INFOPLIST_FILE = YES;
				MARKETING_VERSION = 1.0;
				PRODUCT_BUNDLE_IDENTIFIER = com.dicoding.academy.KoanbaUITests;
				PRODUCT_NAME = "$(TARGET_NAME)";
				SWIFT_EMIT_LOC_STRINGS = NO;
				SWIFT_VERSION = 5.0;
				TARGETED_DEVICE_FAMILY = "1,2";
				TEST_TARGET_NAME = Koanba;
			};
			name = Debug;
		};
		F4CBDD0D2A5E96DC006227FA /* Release */ = {
			isa = XCBuildConfiguration;
			buildSettings = {
				ALWAYS_EMBED_SWIFT_STANDARD_LIBRARIES = YES;
				CODE_SIGN_STYLE = Automatic;
				CURRENT_PROJECT_VERSION = 1;
				DEVELOPMENT_TEAM = 54LBDS3ZS9;
				GENERATE_INFOPLIST_FILE = YES;
				MARKETING_VERSION = 1.0;
				PRODUCT_BUNDLE_IDENTIFIER = com.dicoding.academy.KoanbaUITests;
				PRODUCT_NAME = "$(TARGET_NAME)";
				SWIFT_EMIT_LOC_STRINGS = NO;
				SWIFT_VERSION = 5.0;
				TARGETED_DEVICE_FAMILY = "1,2";
				TEST_TARGET_NAME = Koanba;
			};
			name = Release;
		};
/* End XCBuildConfiguration section */

/* Begin XCConfigurationList section */
		F4CBDCD62A5E96DB006227FA /* Build configuration list for PBXProject "Koanba" */ = {
			isa = XCConfigurationList;
			buildConfigurations = (
				F4CBDD032A5E96DC006227FA /* Debug */,
				F4CBDD042A5E96DC006227FA /* Release */,
			);
			defaultConfigurationIsVisible = 0;
			defaultConfigurationName = Release;
		};
		F4CBDD052A5E96DC006227FA /* Build configuration list for PBXNativeTarget "Koanba" */ = {
			isa = XCConfigurationList;
			buildConfigurations = (
				F4CBDD062A5E96DC006227FA /* Debug */,
				F4CBDD072A5E96DC006227FA /* Release */,
			);
			defaultConfigurationIsVisible = 0;
			defaultConfigurationName = Release;
		};
		F4CBDD082A5E96DC006227FA /* Build configuration list for PBXNativeTarget "KoanbaTests" */ = {
			isa = XCConfigurationList;
			buildConfigurations = (
				F4CBDD092A5E96DC006227FA /* Debug */,
				F4CBDD0A2A5E96DC006227FA /* Release */,
			);
			defaultConfigurationIsVisible = 0;
			defaultConfigurationName = Release;
		};
		F4CBDD0B2A5E96DC006227FA /* Build configuration list for PBXNativeTarget "KoanbaUITests" */ = {
			isa = XCConfigurationList;
			buildConfigurations = (
				F4CBDD0C2A5E96DC006227FA /* Debug */,
				F4CBDD0D2A5E96DC006227FA /* Release */,
			);
			defaultConfigurationIsVisible = 0;
			defaultConfigurationName = Release;
		};
/* End XCConfigurationList section */
	};
	rootObject = F4CBDCD32A5E96DB006227FA /* Project object */;
}
